
Microsoft Visual Studio Solution File, Format Version 12.00
# Visual Studio 2013
VisualStudioVersion = 12.0.21005.1
MinimumVisualStudioVersion = 10.0.40219.1
Project("{FAE04EC0-301F-11D3-BF4B-00C04F79EFBC}") = "T1A4", "T1A4\T1A4.csproj", "{CBDB6462-A194-46C5-B48D-1E57693A6C38}"
EndProject
Project("{FAE04EC0-301F-11D3-BF4B-00C04F79EFBC}") = "Bruch_Christian", "Bruch_Christian\Bruch_Christian.csproj", "{64C02F8B-229E-49F5-9BF1-F557A5C18BA9}"
EndProject
Project("{FAE04EC0-301F-11D3-BF4B-00C04F79EFBC}") = "Bruch_Joe", "Bruch_Joe\Bruch_Joe.csproj", "{44D68061-CCCB-4389-B53C-9202098B6273}"
EndProject
Project("{FAE04EC0-301F-11D3-BF4B-00C04F79EFBC}") = "Bruch_Thomas", "Bruch_Thomas\Bruch_Thomas.csproj", "{9F50ACD0-D6B8-4C4B-8269-89F29A53B1B3}"
EndProject
Project("{FAE04EC0-301F-11D3-BF4B-00C04F79EFBC}") = "CelsiusFahrenheit_Christian", "CelsiusFahrenheit_Christian\CelsiusFahrenheit_Christian.csproj", "{2CB17C2C-B16E-440B-A908-E17329345F2B}"
EndProject
Project("{FAE04EC0-301F-11D3-BF4B-00C04F79EFBC}") = "CelsiusFahrenheit_Thomas", "CelsiusFahrenheit_Thomas\CelsiusFahrenheit_Thomas.csproj", "{3FE2ED0C-7B60-48A3-8759-0651E6ED229F}"
EndProject
Project("{FAE04EC0-301F-11D3-BF4B-00C04F79EFBC}") = "Gueterzug", "Gueterzug\Gueterzug.csproj", "{DCBA8B94-B76F-4633-A8A6-3E52E46D0BF1}"
EndProject
Project("{FAE04EC0-301F-11D3-BF4B-00C04F79EFBC}") = "HelloWorld", "HelloWorld\HelloWorld.csproj", "{6BC7767A-6B8E-46A9-8198-59CDBB9F6445}"
EndProject
Project("{FAE04EC0-301F-11D3-BF4B-00C04F79EFBC}") = "T1A5_Jelena", "T1A5_Jelena\T1A5_Jelena.csproj", "{BDCE9440-F884-4AEE-9DC8-773591417BD5}"
EndProject
Project("{FAE04EC0-301F-11D3-BF4B-00C04F79EFBC}") = "T1I2", "T1I2\T1I2.csproj", "{DA061D13-D01A-44AA-9324-878A3AA9FB59}"
EndProject
Project("{FAE04EC0-301F-11D3-BF4B-00C04F79EFBC}") = "T1I3", "T1I3\T1I3.csproj", "{C4B1C1DF-ED66-4809-874D-88CA7DE47134}"
EndProject
Project("{FAE04EC0-301F-11D3-BF4B-00C04F79EFBC}") = "T1I5_Jelena", "T1I5\T1I5_Jelena.csproj", "{4402A62E-F38F-4A4C-AA81-5F06E0CD4842}"
EndProject
Project("{FAE04EC0-301F-11D3-BF4B-00C04F79EFBC}") = "T1I6", "T1I6\T1I6.csproj", "{E1E53AC2-D732-44DB-BC3A-E1C78A74CBFB}"
EndProject
Project("{FAE04EC0-301F-11D3-BF4B-00C04F79EFBC}") = "T1K1", "T1K1\T1K1.csproj", "{D2DC71D4-376D-414C-92E2-0F553CEA2C00}"
EndProject
Project("{FAE04EC0-301F-11D3-BF4B-00C04F79EFBC}") = "T1L2", "T1L2\T1L2.csproj", "{5DBE6B62-296B-4602-972E-D8DC01E9CCCC}"
EndProject
Project("{FAE04EC0-301F-11D3-BF4B-00C04F79EFBC}") = "T1O1", "T1O1\T1O1.csproj", "{D7D618C9-74A1-41D1-B1CD-EA27F32D86B2}"
EndProject
Project("{FAE04EC0-301F-11D3-BF4B-00C04F79EFBC}") = "T1O2", "T1O2\T1O2.csproj", "{539BC8BF-A7BA-48DE-B497-FA21BF94D0BB}"
EndProject
Project("{FAE04EC0-301F-11D3-BF4B-00C04F79EFBC}") = "T1O6", "T1O6\T1O6.csproj", "{8AEEECF4-C9BE-483A-AF9E-27BCE4DED630}"
EndProject
Project("{FAE04EC0-301F-11D3-BF4B-00C04F79EFBC}") = "T1O12", "T1O12\T1O12.csproj", "{67E1CF1F-1199-4E27-AD2F-38CFAEE3BB55}"
EndProject
Project("{FAE04EC0-301F-11D3-BF4B-00C04F79EFBC}") = "T2H5", "T2H5\T2H5.csproj", "{25FA6F72-FFC4-46C1-ADAE-B4A0B202AEFE}"
EndProject
Project("{FAE04EC0-301F-11D3-BF4B-00C04F79EFBC}") = "WpfHelloWorld", "WpfHelloWorld\WpfHelloWorld.csproj", "{9D276161-B42E-49BB-BDBD-65B0317B39B3}"
EndProject
Project("{FAE04EC0-301F-11D3-BF4B-00C04F79EFBC}") = "T4DB2", "T4DB2\T4DB2.csproj", "{790E80EF-0D2A-49AC-92ED-61249315615C}"
EndProject
Project("{FAE04EC0-301F-11D3-BF4B-00C04F79EFBC}") = "T4CL3_Jelena", "T4CL3_Jelena\T4CL3_Jelena.csproj", "{E65A2BEF-281E-4269-9D88-022DFED4D3E9}"
EndProject
Project("{FAE04EC0-301F-11D3-BF4B-00C04F79EFBC}") = "T4CL3", "T4CL3\T4CL3.csproj", "{5784599D-F9D4-4AED-A6B1-1725254F0C5F}"
EndProject
Project("{FAE04EC0-301F-11D3-BF4B-00C04F79EFBC}") = "T3TA3-Gebrauchte Booteverkauf", "T3TA3-Gebrauchte Booteverkauf\T3TA3-Gebrauchte Booteverkauf.csproj", "{5283C138-1E34-443D-976E-A34B22CC8BBA}"
EndProject
Project("{FAE04EC0-301F-11D3-BF4B-00C04F79EFBC}") = "T3T3", "T3T3\T3T3.csproj", "{FCB617EB-69A3-4E8F-8DFB-90BBB32F42C7}"
EndProject
Project("{FAE04EC0-301F-11D3-BF4B-00C04F79EFBC}") = "T3T1_TS", "T3T1_TS\T3T1_TS.csproj", "{B0738A4A-4A2D-45DC-AA44-B57010838F23}"
EndProject
Project("{FAE04EC0-301F-11D3-BF4B-00C04F79EFBC}") = "T3T1_Jelena", "T3T1_J\T3T1_Jelena.csproj", "{8B347629-186E-4F21-949B-81C5A7C798DC}"
EndProject
Project("{FAE04EC0-301F-11D3-BF4B-00C04F79EFBC}") = "Tools", "Tools\Tools.csproj", "{50EA178F-620C-40C0-A6F9-215CECF7668A}"
EndProject
Project("{FAE04EC0-301F-11D3-BF4B-00C04F79EFBC}") = "T3T1_Thomas", "T3T1_-_Thomas\T3T1_Thomas.csproj", "{98DDD500-6E51-4051-BCDC-EDB8AF6DCAAD}"
EndProject
Project("{FAE04EC0-301F-11D3-BF4B-00C04F79EFBC}") = "T3T1", "T3T1\T3T1.csproj", "{B04525B4-7591-41E1-BF55-50E517EB4179}"
EndProject
Project("{FAE04EC0-301F-11D3-BF4B-00C04F79EFBC}") = "T3D2", "T3D2\T3D2.csproj", "{A31CFCA7-4F19-4C08-B366-3A1AA04F7843}"
EndProject
Project("{FAE04EC0-301F-11D3-BF4B-00C04F79EFBC}") = "T2K7", "T2K7\T2K7.csproj", "{9BA9FBF7-0A94-4E08-8F5E-9627DC00EAA3}"
EndProject
Project("{FAE04EC0-301F-11D3-BF4B-00C04F79EFBC}") = "T2K2", "T2K2\T2K2.csproj", "{5357A1F3-745D-4587-BF45-8836261B544D}"
EndProject
Project("{FAE04EC0-301F-11D3-BF4B-00C04F79EFBC}") = "T3C3_Gottfried", "T3C3_Gottfried\T3C3_Gottfried.csproj", "{95162225-DC3D-480F-BC2B-8A7574869C48}"
EndProject
Project("{FAE04EC0-301F-11D3-BF4B-00C04F79EFBC}") = "T2K12", "T2K12\T2K12.csproj", "{A6FF2D24-4FE6-45DF-8470-654784D39A1D}"
EndProject
Project("{FAE04EC0-301F-11D3-BF4B-00C04F79EFBC}") = "T2H7", "T2H7\T2H7.csproj", "{917B1AE7-1F40-45A8-BD2E-78535CA2BE0A}"
EndProject
Project("{FAE04EC0-301F-11D3-BF4B-00C04F79EFBC}") = "T2K15_Christian", "T2K15_Christian\T2K15_Christian.csproj", "{2024916D-470B-45BE-A9F2-C467C60D728E}"
EndProject
Project("{FAE04EC0-301F-11D3-BF4B-00C04F79EFBC}") = "T3B2", "T3B2\T3B2.csproj", "{8FB5E633-675C-415D-9EAA-BE344FF77497}"
EndProject
Global
	GlobalSection(SubversionScc) = preSolution
		Svn-Managed = True
		Manager = AnkhSVN - Subversion Support for Visual Studio
	EndGlobalSection
	GlobalSection(SolutionConfigurationPlatforms) = preSolution
		Debug|Any CPU = Debug|Any CPU
		Release|Any CPU = Release|Any CPU
	EndGlobalSection
	GlobalSection(ProjectConfigurationPlatforms) = postSolution
		{CBDB6462-A194-46C5-B48D-1E57693A6C38}.Debug|Any CPU.ActiveCfg = Debug|Any CPU
		{CBDB6462-A194-46C5-B48D-1E57693A6C38}.Debug|Any CPU.Build.0 = Debug|Any CPU
		{CBDB6462-A194-46C5-B48D-1E57693A6C38}.Release|Any CPU.ActiveCfg = Release|Any CPU
		{CBDB6462-A194-46C5-B48D-1E57693A6C38}.Release|Any CPU.Build.0 = Release|Any CPU
		{64C02F8B-229E-49F5-9BF1-F557A5C18BA9}.Debug|Any CPU.ActiveCfg = Debug|Any CPU
		{64C02F8B-229E-49F5-9BF1-F557A5C18BA9}.Debug|Any CPU.Build.0 = Debug|Any CPU
		{64C02F8B-229E-49F5-9BF1-F557A5C18BA9}.Release|Any CPU.ActiveCfg = Release|Any CPU
		{64C02F8B-229E-49F5-9BF1-F557A5C18BA9}.Release|Any CPU.Build.0 = Release|Any CPU
		{44D68061-CCCB-4389-B53C-9202098B6273}.Debug|Any CPU.ActiveCfg = Debug|Any CPU
		{44D68061-CCCB-4389-B53C-9202098B6273}.Debug|Any CPU.Build.0 = Debug|Any CPU
		{44D68061-CCCB-4389-B53C-9202098B6273}.Release|Any CPU.ActiveCfg = Release|Any CPU
		{44D68061-CCCB-4389-B53C-9202098B6273}.Release|Any CPU.Build.0 = Release|Any CPU
		{9F50ACD0-D6B8-4C4B-8269-89F29A53B1B3}.Debug|Any CPU.ActiveCfg = Debug|Any CPU
		{9F50ACD0-D6B8-4C4B-8269-89F29A53B1B3}.Debug|Any CPU.Build.0 = Debug|Any CPU
		{9F50ACD0-D6B8-4C4B-8269-89F29A53B1B3}.Release|Any CPU.ActiveCfg = Release|Any CPU
		{9F50ACD0-D6B8-4C4B-8269-89F29A53B1B3}.Release|Any CPU.Build.0 = Release|Any CPU
		{2CB17C2C-B16E-440B-A908-E17329345F2B}.Debug|Any CPU.ActiveCfg = Debug|Any CPU
		{2CB17C2C-B16E-440B-A908-E17329345F2B}.Debug|Any CPU.Build.0 = Debug|Any CPU
		{2CB17C2C-B16E-440B-A908-E17329345F2B}.Release|Any CPU.ActiveCfg = Release|Any CPU
		{2CB17C2C-B16E-440B-A908-E17329345F2B}.Release|Any CPU.Build.0 = Release|Any CPU
		{3FE2ED0C-7B60-48A3-8759-0651E6ED229F}.Debug|Any CPU.ActiveCfg = Debug|Any CPU
		{3FE2ED0C-7B60-48A3-8759-0651E6ED229F}.Debug|Any CPU.Build.0 = Debug|Any CPU
		{3FE2ED0C-7B60-48A3-8759-0651E6ED229F}.Release|Any CPU.ActiveCfg = Release|Any CPU
		{3FE2ED0C-7B60-48A3-8759-0651E6ED229F}.Release|Any CPU.Build.0 = Release|Any CPU
		{DCBA8B94-B76F-4633-A8A6-3E52E46D0BF1}.Debug|Any CPU.ActiveCfg = Debug|Any CPU
		{DCBA8B94-B76F-4633-A8A6-3E52E46D0BF1}.Debug|Any CPU.Build.0 = Debug|Any CPU
		{DCBA8B94-B76F-4633-A8A6-3E52E46D0BF1}.Release|Any CPU.ActiveCfg = Release|Any CPU
		{DCBA8B94-B76F-4633-A8A6-3E52E46D0BF1}.Release|Any CPU.Build.0 = Release|Any CPU
		{6BC7767A-6B8E-46A9-8198-59CDBB9F6445}.Debug|Any CPU.ActiveCfg = Debug|Any CPU
		{6BC7767A-6B8E-46A9-8198-59CDBB9F6445}.Debug|Any CPU.Build.0 = Debug|Any CPU
		{6BC7767A-6B8E-46A9-8198-59CDBB9F6445}.Release|Any CPU.ActiveCfg = Release|Any CPU
		{6BC7767A-6B8E-46A9-8198-59CDBB9F6445}.Release|Any CPU.Build.0 = Release|Any CPU
		{BDCE9440-F884-4AEE-9DC8-773591417BD5}.Debug|Any CPU.ActiveCfg = Debug|Any CPU
		{BDCE9440-F884-4AEE-9DC8-773591417BD5}.Debug|Any CPU.Build.0 = Debug|Any CPU
		{BDCE9440-F884-4AEE-9DC8-773591417BD5}.Release|Any CPU.ActiveCfg = Release|Any CPU
		{BDCE9440-F884-4AEE-9DC8-773591417BD5}.Release|Any CPU.Build.0 = Release|Any CPU
		{DA061D13-D01A-44AA-9324-878A3AA9FB59}.Debug|Any CPU.ActiveCfg = Debug|Any CPU
		{DA061D13-D01A-44AA-9324-878A3AA9FB59}.Debug|Any CPU.Build.0 = Debug|Any CPU
		{DA061D13-D01A-44AA-9324-878A3AA9FB59}.Release|Any CPU.ActiveCfg = Release|Any CPU
		{DA061D13-D01A-44AA-9324-878A3AA9FB59}.Release|Any CPU.Build.0 = Release|Any CPU
		{C4B1C1DF-ED66-4809-874D-88CA7DE47134}.Debug|Any CPU.ActiveCfg = Debug|Any CPU
		{C4B1C1DF-ED66-4809-874D-88CA7DE47134}.Debug|Any CPU.Build.0 = Debug|Any CPU
		{C4B1C1DF-ED66-4809-874D-88CA7DE47134}.Release|Any CPU.ActiveCfg = Release|Any CPU
		{C4B1C1DF-ED66-4809-874D-88CA7DE47134}.Release|Any CPU.Build.0 = Release|Any CPU
		{4402A62E-F38F-4A4C-AA81-5F06E0CD4842}.Debug|Any CPU.ActiveCfg = Debug|Any CPU
		{4402A62E-F38F-4A4C-AA81-5F06E0CD4842}.Debug|Any CPU.Build.0 = Debug|Any CPU
		{4402A62E-F38F-4A4C-AA81-5F06E0CD4842}.Release|Any CPU.ActiveCfg = Release|Any CPU
		{4402A62E-F38F-4A4C-AA81-5F06E0CD4842}.Release|Any CPU.Build.0 = Release|Any CPU
		{E1E53AC2-D732-44DB-BC3A-E1C78A74CBFB}.Debug|Any CPU.ActiveCfg = Debug|Any CPU
		{E1E53AC2-D732-44DB-BC3A-E1C78A74CBFB}.Debug|Any CPU.Build.0 = Debug|Any CPU
		{E1E53AC2-D732-44DB-BC3A-E1C78A74CBFB}.Release|Any CPU.ActiveCfg = Release|Any CPU
		{E1E53AC2-D732-44DB-BC3A-E1C78A74CBFB}.Release|Any CPU.Build.0 = Release|Any CPU
		{D2DC71D4-376D-414C-92E2-0F553CEA2C00}.Debug|Any CPU.ActiveCfg = Debug|Any CPU
		{D2DC71D4-376D-414C-92E2-0F553CEA2C00}.Debug|Any CPU.Build.0 = Debug|Any CPU
		{D2DC71D4-376D-414C-92E2-0F553CEA2C00}.Release|Any CPU.ActiveCfg = Release|Any CPU
		{D2DC71D4-376D-414C-92E2-0F553CEA2C00}.Release|Any CPU.Build.0 = Release|Any CPU
		{5DBE6B62-296B-4602-972E-D8DC01E9CCCC}.Debug|Any CPU.ActiveCfg = Debug|Any CPU
		{5DBE6B62-296B-4602-972E-D8DC01E9CCCC}.Debug|Any CPU.Build.0 = Debug|Any CPU
		{5DBE6B62-296B-4602-972E-D8DC01E9CCCC}.Release|Any CPU.ActiveCfg = Release|Any CPU
		{5DBE6B62-296B-4602-972E-D8DC01E9CCCC}.Release|Any CPU.Build.0 = Release|Any CPU
		{D7D618C9-74A1-41D1-B1CD-EA27F32D86B2}.Debug|Any CPU.ActiveCfg = Debug|Any CPU
		{D7D618C9-74A1-41D1-B1CD-EA27F32D86B2}.Debug|Any CPU.Build.0 = Debug|Any CPU
		{D7D618C9-74A1-41D1-B1CD-EA27F32D86B2}.Release|Any CPU.ActiveCfg = Release|Any CPU
		{D7D618C9-74A1-41D1-B1CD-EA27F32D86B2}.Release|Any CPU.Build.0 = Release|Any CPU
		{539BC8BF-A7BA-48DE-B497-FA21BF94D0BB}.Debug|Any CPU.ActiveCfg = Debug|Any CPU
		{539BC8BF-A7BA-48DE-B497-FA21BF94D0BB}.Debug|Any CPU.Build.0 = Debug|Any CPU
		{539BC8BF-A7BA-48DE-B497-FA21BF94D0BB}.Release|Any CPU.ActiveCfg = Release|Any CPU
		{539BC8BF-A7BA-48DE-B497-FA21BF94D0BB}.Release|Any CPU.Build.0 = Release|Any CPU
		{8AEEECF4-C9BE-483A-AF9E-27BCE4DED630}.Debug|Any CPU.ActiveCfg = Debug|Any CPU
		{8AEEECF4-C9BE-483A-AF9E-27BCE4DED630}.Debug|Any CPU.Build.0 = Debug|Any CPU
		{8AEEECF4-C9BE-483A-AF9E-27BCE4DED630}.Release|Any CPU.ActiveCfg = Release|Any CPU
		{8AEEECF4-C9BE-483A-AF9E-27BCE4DED630}.Release|Any CPU.Build.0 = Release|Any CPU
		{67E1CF1F-1199-4E27-AD2F-38CFAEE3BB55}.Debug|Any CPU.ActiveCfg = Debug|Any CPU
		{67E1CF1F-1199-4E27-AD2F-38CFAEE3BB55}.Debug|Any CPU.Build.0 = Debug|Any CPU
		{67E1CF1F-1199-4E27-AD2F-38CFAEE3BB55}.Release|Any CPU.ActiveCfg = Release|Any CPU
		{67E1CF1F-1199-4E27-AD2F-38CFAEE3BB55}.Release|Any CPU.Build.0 = Release|Any CPU
		{25FA6F72-FFC4-46C1-ADAE-B4A0B202AEFE}.Debug|Any CPU.ActiveCfg = Debug|Any CPU
		{25FA6F72-FFC4-46C1-ADAE-B4A0B202AEFE}.Debug|Any CPU.Build.0 = Debug|Any CPU
		{25FA6F72-FFC4-46C1-ADAE-B4A0B202AEFE}.Release|Any CPU.ActiveCfg = Release|Any CPU
		{25FA6F72-FFC4-46C1-ADAE-B4A0B202AEFE}.Release|Any CPU.Build.0 = Release|Any CPU
		{9D276161-B42E-49BB-BDBD-65B0317B39B3}.Debug|Any CPU.ActiveCfg = Debug|Any CPU
		{9D276161-B42E-49BB-BDBD-65B0317B39B3}.Debug|Any CPU.Build.0 = Debug|Any CPU
		{9D276161-B42E-49BB-BDBD-65B0317B39B3}.Release|Any CPU.ActiveCfg = Release|Any CPU
		{9D276161-B42E-49BB-BDBD-65B0317B39B3}.Release|Any CPU.Build.0 = Release|Any CPU
		{790E80EF-0D2A-49AC-92ED-61249315615C}.Debug|Any CPU.ActiveCfg = Debug|Any CPU
		{790E80EF-0D2A-49AC-92ED-61249315615C}.Debug|Any CPU.Build.0 = Debug|Any CPU
		{790E80EF-0D2A-49AC-92ED-61249315615C}.Release|Any CPU.ActiveCfg = Release|Any CPU
		{790E80EF-0D2A-49AC-92ED-61249315615C}.Release|Any CPU.Build.0 = Release|Any CPU
		{E65A2BEF-281E-4269-9D88-022DFED4D3E9}.Debug|Any CPU.ActiveCfg = Debug|Any CPU
		{E65A2BEF-281E-4269-9D88-022DFED4D3E9}.Debug|Any CPU.Build.0 = Debug|Any CPU
		{E65A2BEF-281E-4269-9D88-022DFED4D3E9}.Release|Any CPU.ActiveCfg = Release|Any CPU
		{E65A2BEF-281E-4269-9D88-022DFED4D3E9}.Release|Any CPU.Build.0 = Release|Any CPU
		{5784599D-F9D4-4AED-A6B1-1725254F0C5F}.Debug|Any CPU.ActiveCfg = Debug|Any CPU
		{5784599D-F9D4-4AED-A6B1-1725254F0C5F}.Debug|Any CPU.Build.0 = Debug|Any CPU
		{5784599D-F9D4-4AED-A6B1-1725254F0C5F}.Release|Any CPU.ActiveCfg = Release|Any CPU
		{5784599D-F9D4-4AED-A6B1-1725254F0C5F}.Release|Any CPU.Build.0 = Release|Any CPU
		{5283C138-1E34-443D-976E-A34B22CC8BBA}.Debug|Any CPU.ActiveCfg = Debug|Any CPU
		{5283C138-1E34-443D-976E-A34B22CC8BBA}.Debug|Any CPU.Build.0 = Debug|Any CPU
		{5283C138-1E34-443D-976E-A34B22CC8BBA}.Release|Any CPU.ActiveCfg = Release|Any CPU
		{5283C138-1E34-443D-976E-A34B22CC8BBA}.Release|Any CPU.Build.0 = Release|Any CPU
		{FCB617EB-69A3-4E8F-8DFB-90BBB32F42C7}.Debug|Any CPU.ActiveCfg = Debug|Any CPU
		{FCB617EB-69A3-4E8F-8DFB-90BBB32F42C7}.Debug|Any CPU.Build.0 = Debug|Any CPU
		{FCB617EB-69A3-4E8F-8DFB-90BBB32F42C7}.Release|Any CPU.ActiveCfg = Release|Any CPU
		{FCB617EB-69A3-4E8F-8DFB-90BBB32F42C7}.Release|Any CPU.Build.0 = Release|Any CPU
		{B0738A4A-4A2D-45DC-AA44-B57010838F23}.Debug|Any CPU.ActiveCfg = Debug|Any CPU
		{B0738A4A-4A2D-45DC-AA44-B57010838F23}.Debug|Any CPU.Build.0 = Debug|Any CPU
		{B0738A4A-4A2D-45DC-AA44-B57010838F23}.Release|Any CPU.ActiveCfg = Release|Any CPU
		{B0738A4A-4A2D-45DC-AA44-B57010838F23}.Release|Any CPU.Build.0 = Release|Any CPU
		{8B347629-186E-4F21-949B-81C5A7C798DC}.Debug|Any CPU.ActiveCfg = Debug|Any CPU
		{8B347629-186E-4F21-949B-81C5A7C798DC}.Debug|Any CPU.Build.0 = Debug|Any CPU
		{8B347629-186E-4F21-949B-81C5A7C798DC}.Release|Any CPU.ActiveCfg = Release|Any CPU
		{8B347629-186E-4F21-949B-81C5A7C798DC}.Release|Any CPU.Build.0 = Release|Any CPU
		{50EA178F-620C-40C0-A6F9-215CECF7668A}.Debug|Any CPU.ActiveCfg = Debug|Any CPU
		{50EA178F-620C-40C0-A6F9-215CECF7668A}.Debug|Any CPU.Build.0 = Debug|Any CPU
		{50EA178F-620C-40C0-A6F9-215CECF7668A}.Release|Any CPU.ActiveCfg = Release|Any CPU
		{50EA178F-620C-40C0-A6F9-215CECF7668A}.Release|Any CPU.Build.0 = Release|Any CPU
		{98DDD500-6E51-4051-BCDC-EDB8AF6DCAAD}.Debug|Any CPU.ActiveCfg = Debug|Any CPU
		{98DDD500-6E51-4051-BCDC-EDB8AF6DCAAD}.Debug|Any CPU.Build.0 = Debug|Any CPU
		{98DDD500-6E51-4051-BCDC-EDB8AF6DCAAD}.Release|Any CPU.ActiveCfg = Release|Any CPU
		{98DDD500-6E51-4051-BCDC-EDB8AF6DCAAD}.Release|Any CPU.Build.0 = Release|Any CPU
		{B04525B4-7591-41E1-BF55-50E517EB4179}.Debug|Any CPU.ActiveCfg = Debug|Any CPU
		{B04525B4-7591-41E1-BF55-50E517EB4179}.Debug|Any CPU.Build.0 = Debug|Any CPU
		{B04525B4-7591-41E1-BF55-50E517EB4179}.Release|Any CPU.ActiveCfg = Release|Any CPU
		{B04525B4-7591-41E1-BF55-50E517EB4179}.Release|Any CPU.Build.0 = Release|Any CPU
		{A31CFCA7-4F19-4C08-B366-3A1AA04F7843}.Debug|Any CPU.ActiveCfg = Debug|Any CPU
		{A31CFCA7-4F19-4C08-B366-3A1AA04F7843}.Debug|Any CPU.Build.0 = Debug|Any CPU
		{A31CFCA7-4F19-4C08-B366-3A1AA04F7843}.Release|Any CPU.ActiveCfg = Release|Any CPU
		{A31CFCA7-4F19-4C08-B366-3A1AA04F7843}.Release|Any CPU.Build.0 = Release|Any CPU
		{9BA9FBF7-0A94-4E08-8F5E-9627DC00EAA3}.Debug|Any CPU.ActiveCfg = Debug|Any CPU
		{9BA9FBF7-0A94-4E08-8F5E-9627DC00EAA3}.Debug|Any CPU.Build.0 = Debug|Any CPU
		{9BA9FBF7-0A94-4E08-8F5E-9627DC00EAA3}.Release|Any CPU.ActiveCfg = Release|Any CPU
		{9BA9FBF7-0A94-4E08-8F5E-9627DC00EAA3}.Release|Any CPU.Build.0 = Release|Any CPU
		{5357A1F3-745D-4587-BF45-8836261B544D}.Debug|Any CPU.ActiveCfg = Debug|Any CPU
		{5357A1F3-745D-4587-BF45-8836261B544D}.Debug|Any CPU.Build.0 = Debug|Any CPU
		{5357A1F3-745D-4587-BF45-8836261B544D}.Release|Any CPU.ActiveCfg = Release|Any CPU
		{5357A1F3-745D-4587-BF45-8836261B544D}.Release|Any CPU.Build.0 = Release|Any CPU
		{95162225-DC3D-480F-BC2B-8A7574869C48}.Debug|Any CPU.ActiveCfg = Debug|Any CPU
		{95162225-DC3D-480F-BC2B-8A7574869C48}.Debug|Any CPU.Build.0 = Debug|Any CPU
		{95162225-DC3D-480F-BC2B-8A7574869C48}.Release|Any CPU.ActiveCfg = Release|Any CPU
		{95162225-DC3D-480F-BC2B-8A7574869C48}.Release|Any CPU.Build.0 = Release|Any CPU
		{A6FF2D24-4FE6-45DF-8470-654784D39A1D}.Debug|Any CPU.ActiveCfg = Debug|Any CPU
		{A6FF2D24-4FE6-45DF-8470-654784D39A1D}.Debug|Any CPU.Build.0 = Debug|Any CPU
		{A6FF2D24-4FE6-45DF-8470-654784D39A1D}.Release|Any CPU.ActiveCfg = Release|Any CPU
		{A6FF2D24-4FE6-45DF-8470-654784D39A1D}.Release|Any CPU.Build.0 = Release|Any CPU
		{917B1AE7-1F40-45A8-BD2E-78535CA2BE0A}.Debug|Any CPU.ActiveCfg = Debug|Any CPU
		{917B1AE7-1F40-45A8-BD2E-78535CA2BE0A}.Debug|Any CPU.Build.0 = Debug|Any CPU
		{917B1AE7-1F40-45A8-BD2E-78535CA2BE0A}.Release|Any CPU.ActiveCfg = Release|Any CPU
		{917B1AE7-1F40-45A8-BD2E-78535CA2BE0A}.Release|Any CPU.Build.0 = Release|Any CPU
		{2024916D-470B-45BE-A9F2-C467C60D728E}.Debug|Any CPU.ActiveCfg = Debug|Any CPU
		{2024916D-470B-45BE-A9F2-C467C60D728E}.Debug|Any CPU.Build.0 = Debug|Any CPU
		{2024916D-470B-45BE-A9F2-C467C60D728E}.Release|Any CPU.ActiveCfg = Release|Any CPU
		{2024916D-470B-45BE-A9F2-C467C60D728E}.Release|Any CPU.Build.0 = Release|Any CPU
		{8FB5E633-675C-415D-9EAA-BE344FF77497}.Debug|Any CPU.ActiveCfg = Debug|Any CPU
		{8FB5E633-675C-415D-9EAA-BE344FF77497}.Debug|Any CPU.Build.0 = Debug|Any CPU
		{8FB5E633-675C-415D-9EAA-BE344FF77497}.Release|Any CPU.ActiveCfg = Release|Any CPU
		{8FB5E633-675C-415D-9EAA-BE344FF77497}.Release|Any CPU.Build.0 = Release|Any CPU
	EndGlobalSection
	GlobalSection(SolutionProperties) = preSolution
		HideSolutionNode = FALSE
	EndGlobalSection
EndGlobal
